<?xml version="1.0" encoding="UTF-8"?>
<Scheme
   LastUpgradeVersion = "2660"
   version = "1.7">
   <BuildAction
      parallelizeBuildables = "YES"
      buildImplicitDependencies = "NO">
      <BuildActionEntries>
         <BuildActionEntry buildForTesting="YES" buildForRunning="YES" buildForProfiling="YES" buildForArchiving="YES" buildForAnalyzing="YES">
            <BuildableReference BuildableIdentifier="primary" BlueprintIdentifier="KO500001" BuildableName="XMTKeyboardOwner" BlueprintName="XMTKeyboardOwner" ReferencedContainer="container:XMT.xcodeproj"/>
         </BuildActionEntry>
         <BuildActionEntry buildForTesting="YES" buildForRunning="YES" buildForProfiling="YES" buildForArchiving="YES" buildForAnalyzing="YES">
            <BuildableReference BuildableIdentifier="primary" BlueprintIdentifier="KQ500001" BuildableName="XMTKeyboardWatchdog" BlueprintName="XMTKeyboardWatchdog" ReferencedContainer="container:XMT.xcodeproj"/>
         </BuildActionEntry>
         <BuildActionEntry buildForTesting="YES" buildForRunning="YES" buildForProfiling="YES" buildForArchiving="YES" buildForAnalyzing="YES">
            <BuildableReference BuildableIdentifier="primary" BlueprintIdentifier="D500001" BuildableName="XMTVirtualKeyboard.dext" BlueprintName="XMTVirtualKeyboard" ReferencedContainer="container:XMT.xcodeproj"/>
         </BuildActionEntry>
      </BuildActionEntries>
   </BuildAction>
</Scheme>
