// !$*UTF8*$!
{
	archiveVersion = 1;
	classes = {
	};
	objectVersion = 56;
	objects = {

/* Begin PBXBuildFile section */
		AA000001 /* XMTApp.swift in Sources */ = {isa = PBXBuildFile; fileRef = AA100001 /* XMTApp.swift */; };
		AA000002 /* AppDelegate.swift in Sources */ = {isa = PBXBuildFile; fileRef = AA100002 /* AppDelegate.swift */; };
		AA000003 /* HotKeyNames.swift in Sources */ = {isa = PBXBuildFile; fileRef = AA100003 /* HotKeyNames.swift */; };
		AA000004 /* AXWindowInfo.swift in Sources */ = {isa = PBXBuildFile; fileRef = AA100004 /* AXWindowInfo.swift */; };
		AA000005 /* ScreenCoordinates.swift in Sources */ = {isa = PBXBuildFile; fileRef = AA100005 /* ScreenCoordinates.swift */; };
		AA000006 /* WindowMover.swift in Sources */ = {isa = PBXBuildFile; fileRef = AA100006 /* WindowMover.swift */; };
		AA000008 /* AccessibilityService.swift in Sources */ = {isa = PBXBuildFile; fileRef = AA100008 /* AccessibilityService.swift */; };
		AA000009 /* SettingsView.swift in Sources */ = {isa = PBXBuildFile; fileRef = AA100009 /* SettingsView.swift */; };
		AA000010 /* WindowMoverSettingsView.swift in Sources */ = {isa = PBXBuildFile; fileRef = AA100010 /* WindowMoverSettingsView.swift */; };
		AA000011 /* GeneralSettingsView.swift in Sources */ = {isa = PBXBuildFile; fileRef = AA100011 /* GeneralSettingsView.swift */; };
		AA000012 /* MenuBarView.swift in Sources */ = {isa = PBXBuildFile; fileRef = AA100012 /* MenuBarView.swift */; };
		AA000013 /* Assets.xcassets in Resources */ = {isa = PBXBuildFile; fileRef = AA100013 /* Assets.xcassets */; };
		AA000014 /* KeyboardShortcuts in Frameworks */ = {isa = PBXBuildFile; productRef = AA200014 /* KeyboardShortcuts */; };
		AA000015 /* WindowGeometry.swift in Sources */ = {isa = PBXBuildFile; fileRef = AA100016 /* WindowGeometry.swift */; };
		AA000017 /* WindowActionCoordinator.swift in Sources */ = {isa = PBXBuildFile; fileRef = AA100018 /* WindowActionCoordinator.swift */; };
		AA000018 /* AccessibilityReminder.swift in Sources */ = {isa = PBXBuildFile; fileRef = AA100019 /* AccessibilityReminder.swift */; };
		AA000019 /* WindowGeometry.swift in Sources */ = {isa = PBXBuildFile; fileRef = AA100016 /* WindowGeometry.swift */; };
		AA000021 /* WindowGeometryTests.swift in Sources */ = {isa = PBXBuildFile; fileRef = AA100021 /* WindowGeometryTests.swift */; };
		AA000023 /* SettingsWindowController.swift in Sources */ = {isa = PBXBuildFile; fileRef = AA100023 /* SettingsWindowController.swift */; };
		AA000024 /* AccessibilityStatusView.swift in Sources */ = {isa = PBXBuildFile; fileRef = AA100024 /* AccessibilityStatusView.swift */; };
		AA000025 /* WindowMoverModule.swift in Sources */ = {isa = PBXBuildFile; fileRef = AA100025 /* WindowMoverModule.swift */; };
		B000001 /* FnEventObserver.swift in Sources */ = {isa = PBXBuildFile; fileRef = B100001 /* FnEventObserver.swift */; };
		B000002 /* TriggerArbitrator.swift in Sources */ = {isa = PBXBuildFile; fileRef = B100002 /* TriggerArbitrator.swift */; };
		B000003 /* TriggerEvents.swift in Sources */ = {isa = PBXBuildFile; fileRef = B100003 /* TriggerEvents.swift */; };
		B000004 /* ConfigFile.swift in Sources */ = {isa = PBXBuildFile; fileRef = B100004 /* ConfigFile.swift */; };
		B000005 /* EffectiveSettings.swift in Sources */ = {isa = PBXBuildFile; fileRef = B100005 /* EffectiveSettings.swift */; };
		B000006 /* ConfigReloader.swift in Sources */ = {isa = PBXBuildFile; fileRef = B100006 /* ConfigReloader.swift */; };
		B000007 /* ShortcutDTO.swift in Sources */ = {isa = PBXBuildFile; fileRef = B100007 /* ShortcutDTO.swift */; };
		B000008 /* DeviceSelector.swift in Sources */ = {isa = PBXBuildFile; fileRef = B100008 /* DeviceSelector.swift */; };
		B000009 /* DeviceTable.swift in Sources */ = {isa = PBXBuildFile; fileRef = B100009 /* DeviceTable.swift */; };
		B000010 /* BluetoothLinkOracle.swift in Sources */ = {isa = PBXBuildFile; fileRef = B100010 /* BluetoothLinkOracle.swift */; };
		B000011 /* AudioCaptureService.swift in Sources */ = {isa = PBXBuildFile; fileRef = B100011 /* AudioCaptureService.swift */; };
		B000012 /* BoundedAudioQueue.swift in Sources */ = {isa = PBXBuildFile; fileRef = B100012 /* BoundedAudioQueue.swift */; };
		B000013 /* VoiceSessionMachine.swift in Sources */ = {isa = PBXBuildFile; fileRef = B100013 /* VoiceSessionMachine.swift */; };
		B000014 /* PendingRecordingStore.swift in Sources */ = {isa = PBXBuildFile; fileRef = B100014 /* PendingRecordingStore.swift */; };
		B000015 /* Reconciliation.swift in Sources */ = {isa = PBXBuildFile; fileRef = B100015 /* Reconciliation.swift */; };
		B000016 /* TranscriberSession.swift in Sources */ = {isa = PBXBuildFile; fileRef = B100016 /* TranscriberSession.swift */; };
		B000017 /* AssetStatus.swift in Sources */ = {isa = PBXBuildFile; fileRef = B100017 /* AssetStatus.swift */; };
		B000018 /* TranscriptCommitter.swift in Sources */ = {isa = PBXBuildFile; fileRef = B100018 /* TranscriptCommitter.swift */; };
		B000019 /* PasteService.swift in Sources */ = {isa = PBXBuildFile; fileRef = B100019 /* PasteService.swift */; };
		B000020 /* VoiceTranscriptionModule.swift in Sources */ = {isa = PBXBuildFile; fileRef = B100020 /* VoiceTranscriptionModule.swift */; };
		B000021 /* VoiceSettingsView.swift in Sources */ = {isa = PBXBuildFile; fileRef = B100021 /* VoiceSettingsView.swift */; };
		B000022 /* DevicePriorityListView.swift in Sources */ = {isa = PBXBuildFile; fileRef = B100022 /* DevicePriorityListView.swift */; };
		B000023 /* TriggerArbitratorTests.swift in Sources */ = {isa = PBXBuildFile; fileRef = B100023 /* TriggerArbitratorTests.swift */; };
		B000024 /* ConfigTests.swift in Sources */ = {isa = PBXBuildFile; fileRef = B100024 /* ConfigTests.swift */; };
		B000025 /* DeviceSelectorTests.swift in Sources */ = {isa = PBXBuildFile; fileRef = B100025 /* DeviceSelectorTests.swift */; };
		B000026 /* SessionMachineTests.swift in Sources */ = {isa = PBXBuildFile; fileRef = B100026 /* SessionMachineTests.swift */; };
		B000027 /* ReconciliationTests.swift in Sources */ = {isa = PBXBuildFile; fileRef = B100027 /* ReconciliationTests.swift */; };
		B000028 /* CommitSequenceTests.swift in Sources */ = {isa = PBXBuildFile; fileRef = B100028 /* CommitSequenceTests.swift */; };
		B000029 /* FnEventObserver.swift in Sources */ = {isa = PBXBuildFile; fileRef = B100001 /* FnEventObserver.swift */; };
		B000030 /* TriggerArbitrator.swift in Sources */ = {isa = PBXBuildFile; fileRef = B100002 /* TriggerArbitrator.swift */; };
		B000031 /* TriggerEvents.swift in Sources */ = {isa = PBXBuildFile; fileRef = B100003 /* TriggerEvents.swift */; };
		B000032 /* ConfigFile.swift in Sources */ = {isa = PBXBuildFile; fileRef = B100004 /* ConfigFile.swift */; };
		B000033 /* EffectiveSettings.swift in Sources */ = {isa = PBXBuildFile; fileRef = B100005 /* EffectiveSettings.swift */; };
		B000034 /* ConfigReloader.swift in Sources */ = {isa = PBXBuildFile; fileRef = B100006 /* ConfigReloader.swift */; };
		B000035 /* ShortcutDTO.swift in Sources */ = {isa = PBXBuildFile; fileRef = B100007 /* ShortcutDTO.swift */; };
		B000036 /* DeviceSelector.swift in Sources */ = {isa = PBXBuildFile; fileRef = B100008 /* DeviceSelector.swift */; };
		B000037 /* BoundedAudioQueue.swift in Sources */ = {isa = PBXBuildFile; fileRef = B100012 /* BoundedAudioQueue.swift */; };
		B000038 /* KeyboardShortcuts in Frameworks */ = {isa = PBXBuildFile; productRef = AA200014 /* KeyboardShortcuts */; };
/* End PBXBuildFile section */

/* Begin PBXFileReference section */
		AA100001 /* XMTApp.swift */ = {isa = PBXFileReference; lastKnownFileType = sourcecode.swift; path = XMTApp.swift; sourceTree = "<group>"; };
		AA100002 /* AppDelegate.swift */ = {isa = PBXFileReference; lastKnownFileType = sourcecode.swift; path = AppDelegate.swift; sourceTree = "<group>"; };
		AA100003 /* HotKeyNames.swift */ = {isa = PBXFileReference; lastKnownFileType = sourcecode.swift; path = HotKeyNames.swift; sourceTree = "<group>"; };
		AA100004 /* AXWindowInfo.swift */ = {isa = PBXFileReference; lastKnownFileType = sourcecode.swift; path = AXWindowInfo.swift; sourceTree = "<group>"; };
		AA100005 /* ScreenCoordinates.swift */ = {isa = PBXFileReference; lastKnownFileType = sourcecode.swift; path = ScreenCoordinates.swift; sourceTree = "<group>"; };
		AA100006 /* WindowMover.swift */ = {isa = PBXFileReference; lastKnownFileType = sourcecode.swift; path = WindowMover.swift; sourceTree = "<group>"; };
		AA100008 /* AccessibilityService.swift */ = {isa = PBXFileReference; lastKnownFileType = sourcecode.swift; path = AccessibilityService.swift; sourceTree = "<group>"; };
		AA100009 /* SettingsView.swift */ = {isa = PBXFileReference; lastKnownFileType = sourcecode.swift; path = SettingsView.swift; sourceTree = "<group>"; };
		AA100010 /* WindowMoverSettingsView.swift */ = {isa = PBXFileReference; lastKnownFileType = sourcecode.swift; path = WindowMoverSettingsView.swift; sourceTree = "<group>"; };
		AA100011 /* GeneralSettingsView.swift */ = {isa = PBXFileReference; lastKnownFileType = sourcecode.swift; path = GeneralSettingsView.swift; sourceTree = "<group>"; };
		AA100012 /* MenuBarView.swift */ = {isa = PBXFileReference; lastKnownFileType = sourcecode.swift; path = MenuBarView.swift; sourceTree = "<group>"; };
		AA100013 /* Assets.xcassets */ = {isa = PBXFileReference; lastKnownFileType = folder.assetcatalog; path = Assets.xcassets; sourceTree = "<group>"; };
		AA100014 /* Info.plist */ = {isa = PBXFileReference; lastKnownFileType = text.plist.xml; path = Info.plist; sourceTree = "<group>"; };
		AA100015 /* XMT.entitlements */ = {isa = PBXFileReference; lastKnownFileType = text.plist.entitlements; path = XMT.entitlements; sourceTree = "<group>"; };
		AA100016 /* WindowGeometry.swift */ = {isa = PBXFileReference; lastKnownFileType = sourcecode.swift; path = WindowGeometry.swift; sourceTree = "<group>"; };
		AA100018 /* WindowActionCoordinator.swift */ = {isa = PBXFileReference; lastKnownFileType = sourcecode.swift; path = WindowActionCoordinator.swift; sourceTree = "<group>"; };
		AA100019 /* AccessibilityReminder.swift */ = {isa = PBXFileReference; lastKnownFileType = sourcecode.swift; path = AccessibilityReminder.swift; sourceTree = "<group>"; };
		AA100020 /* XMTTests.xctest */ = {isa = PBXFileReference; explicitFileType = wrapper.cfbundle; includeInIndex = 0; path = XMTTests.xctest; sourceTree = BUILT_PRODUCTS_DIR; };
		AA100021 /* WindowGeometryTests.swift */ = {isa = PBXFileReference; lastKnownFileType = sourcecode.swift; path = WindowGeometryTests.swift; sourceTree = "<group>"; };
		AA100023 /* SettingsWindowController.swift */ = {isa = PBXFileReference; lastKnownFileType = sourcecode.swift; path = SettingsWindowController.swift; sourceTree = "<group>"; };
		AA100024 /* AccessibilityStatusView.swift */ = {isa = PBXFileReference; lastKnownFileType = sourcecode.swift; path = AccessibilityStatusView.swift; sourceTree = "<group>"; };
		AA100025 /* WindowMoverModule.swift */ = {isa = PBXFileReference; lastKnownFileType = sourcecode.swift; path = WindowMoverModule.swift; sourceTree = "<group>"; };
		AA100099 /* XMT.app */ = {isa = PBXFileReference; explicitFileType = wrapper.application; includeInIndex = 0; path = XMT.app; sourceTree = BUILT_PRODUCTS_DIR; };
		B100001 /* FnEventObserver.swift */ = {isa = PBXFileReference; lastKnownFileType = sourcecode.swift; path = FnEventObserver.swift; sourceTree = "<group>"; };
		B100002 /* TriggerArbitrator.swift */ = {isa = PBXFileReference; lastKnownFileType = sourcecode.swift; path = TriggerArbitrator.swift; sourceTree = "<group>"; };
		B100003 /* TriggerEvents.swift */ = {isa = PBXFileReference; lastKnownFileType = sourcecode.swift; path = TriggerEvents.swift; sourceTree = "<group>"; };
		B100004 /* ConfigFile.swift */ = {isa = PBXFileReference; lastKnownFileType = sourcecode.swift; path = ConfigFile.swift; sourceTree = "<group>"; };
		B100005 /* EffectiveSettings.swift */ = {isa = PBXFileReference; lastKnownFileType = sourcecode.swift; path = EffectiveSettings.swift; sourceTree = "<group>"; };
		B100006 /* ConfigReloader.swift */ = {isa = PBXFileReference; lastKnownFileType = sourcecode.swift; path = ConfigReloader.swift; sourceTree = "<group>"; };
		B100007 /* ShortcutDTO.swift */ = {isa = PBXFileReference; lastKnownFileType = sourcecode.swift; path = ShortcutDTO.swift; sourceTree = "<group>"; };
		B100008 /* DeviceSelector.swift */ = {isa = PBXFileReference; lastKnownFileType = sourcecode.swift; path = DeviceSelector.swift; sourceTree = "<group>"; };
		B100009 /* DeviceTable.swift */ = {isa = PBXFileReference; lastKnownFileType = sourcecode.swift; path = DeviceTable.swift; sourceTree = "<group>"; };
		B100010 /* BluetoothLinkOracle.swift */ = {isa = PBXFileReference; lastKnownFileType = sourcecode.swift; path = BluetoothLinkOracle.swift; sourceTree = "<group>"; };
		B100011 /* AudioCaptureService.swift */ = {isa = PBXFileReference; lastKnownFileType = sourcecode.swift; path = AudioCaptureService.swift; sourceTree = "<group>"; };
		B100012 /* BoundedAudioQueue.swift */ = {isa = PBXFileReference; lastKnownFileType = sourcecode.swift; path = BoundedAudioQueue.swift; sourceTree = "<group>"; };
		B100013 /* VoiceSessionMachine.swift */ = {isa = PBXFileReference; lastKnownFileType = sourcecode.swift; path = VoiceSessionMachine.swift; sourceTree = "<group>"; };
		B100014 /* PendingRecordingStore.swift */ = {isa = PBXFileReference; lastKnownFileType = sourcecode.swift; path = PendingRecordingStore.swift; sourceTree = "<group>"; };
		B100015 /* Reconciliation.swift */ = {isa = PBXFileReference; lastKnownFileType = sourcecode.swift; path = Reconciliation.swift; sourceTree = "<group>"; };
		B100016 /* TranscriberSession.swift */ = {isa = PBXFileReference; lastKnownFileType = sourcecode.swift; path = TranscriberSession.swift; sourceTree = "<group>"; };
		B100017 /* AssetStatus.swift */ = {isa = PBXFileReference; lastKnownFileType = sourcecode.swift; path = AssetStatus.swift; sourceTree = "<group>"; };
		B100018 /* TranscriptCommitter.swift */ = {isa = PBXFileReference; lastKnownFileType = sourcecode.swift; path = TranscriptCommitter.swift; sourceTree = "<group>"; };
		B100019 /* PasteService.swift */ = {isa = PBXFileReference; lastKnownFileType = sourcecode.swift; path = PasteService.swift; sourceTree = "<group>"; };
		B100020 /* VoiceTranscriptionModule.swift */ = {isa = PBXFileReference; lastKnownFileType = sourcecode.swift; path = VoiceTranscriptionModule.swift; sourceTree = "<group>"; };
		B100021 /* VoiceSettingsView.swift */ = {isa = PBXFileReference; lastKnownFileType = sourcecode.swift; path = VoiceSettingsView.swift; sourceTree = "<group>"; };
		B100022 /* DevicePriorityListView.swift */ = {isa = PBXFileReference; lastKnownFileType = sourcecode.swift; path = DevicePriorityListView.swift; sourceTree = "<group>"; };
		B100023 /* TriggerArbitratorTests.swift */ = {isa = PBXFileReference; lastKnownFileType = sourcecode.swift; path = TriggerArbitratorTests.swift; sourceTree = "<group>"; };
		B100024 /* ConfigTests.swift */ = {isa = PBXFileReference; lastKnownFileType = sourcecode.swift; path = ConfigTests.swift; sourceTree = "<group>"; };
		B100025 /* DeviceSelectorTests.swift */ = {isa = PBXFileReference; lastKnownFileType = sourcecode.swift; path = DeviceSelectorTests.swift; sourceTree = "<group>"; };
		B100026 /* SessionMachineTests.swift */ = {isa = PBXFileReference; lastKnownFileType = sourcecode.swift; path = SessionMachineTests.swift; sourceTree = "<group>"; };
		B100027 /* ReconciliationTests.swift */ = {isa = PBXFileReference; lastKnownFileType = sourcecode.swift; path = ReconciliationTests.swift; sourceTree = "<group>"; };
		B100028 /* CommitSequenceTests.swift */ = {isa = PBXFileReference; lastKnownFileType = sourcecode.swift; path = CommitSequenceTests.swift; sourceTree = "<group>"; };
/* End PBXFileReference section */

/* Begin PBXFrameworksBuildPhase section */
		AA300001 /* Frameworks */ = {
			isa = PBXFrameworksBuildPhase;
			buildActionMask = 2147483647;
			files = (
				AA000014 /* KeyboardShortcuts in Frameworks */,
			);
			runOnlyForDeploymentPostprocessing = 0;
		};
		AA300003 /* Frameworks */ = {
			isa = PBXFrameworksBuildPhase;
			buildActionMask = 2147483647;
			files = (
				B000038 /* KeyboardShortcuts in Frameworks */,
			);
			runOnlyForDeploymentPostprocessing = 0;
		};
/* End PBXFrameworksBuildPhase section */

/* Begin PBXGroup section */
		AA400000 /* Main */ = {
			isa = PBXGroup;
			children = (
				AA400001 /* XMT */,
				AA400080 /* XMTTests */,
				AA400099 /* Products */,
				AA400100 /* Frameworks */,
			);
			sourceTree = "<group>";
		};
		AA400001 /* XMT */ = {
			isa = PBXGroup;
			children = (
				AA400010 /* App */,
				AA400020 /* HotKeys */,
				AA400030 /* WindowManagement */,
				AA400040 /* Services */,
				AA400050 /* Settings */,
				AA400060 /* MenuBar */,
				AA400070 /* Resources */,
				B400001 /* Triggers */,
				B400002 /* Configuration */,
				B400003 /* VoiceTranscription */,
			);
			path = XMT;
			sourceTree = "<group>";
		};
		AA400010 /* App */ = {
			isa = PBXGroup;
			children = (
				AA100001 /* XMTApp.swift */,
				AA100002 /* AppDelegate.swift */,
			);
			path = App;
			sourceTree = "<group>";
		};
		AA400020 /* HotKeys */ = {
			isa = PBXGroup;
			children = (
				AA100003 /* HotKeyNames.swift */,
			);
			path = HotKeys;
			sourceTree = "<group>";
		};
		AA400030 /* WindowManagement */ = {
			isa = PBXGroup;
			children = (
				AA100004 /* AXWindowInfo.swift */,
				AA100005 /* ScreenCoordinates.swift */,
				AA100006 /* WindowMover.swift */,
				AA100016 /* WindowGeometry.swift */,
				AA100018 /* WindowActionCoordinator.swift */,
				AA100025 /* WindowMoverModule.swift */,
			);
			path = WindowManagement;
			sourceTree = "<group>";
		};
		AA400040 /* Services */ = {
			isa = PBXGroup;
			children = (
				AA100008 /* AccessibilityService.swift */,
				AA100019 /* AccessibilityReminder.swift */,
			);
			path = Services;
			sourceTree = "<group>";
		};
		AA400050 /* Settings */ = {
			isa = PBXGroup;
			children = (
				AA100009 /* SettingsView.swift */,
				AA100010 /* WindowMoverSettingsView.swift */,
				AA100011 /* GeneralSettingsView.swift */,
				AA100023 /* SettingsWindowController.swift */,
				AA100024 /* AccessibilityStatusView.swift */,
				B100021 /* VoiceSettingsView.swift */,
				B100022 /* DevicePriorityListView.swift */,
			);
			path = Settings;
			sourceTree = "<group>";
		};
		AA400060 /* MenuBar */ = {
			isa = PBXGroup;
			children = (
				AA100012 /* MenuBarView.swift */,
			);
			path = MenuBar;
			sourceTree = "<group>";
		};
		AA400070 /* Resources */ = {
			isa = PBXGroup;
			children = (
				AA100013 /* Assets.xcassets */,
				AA100014 /* Info.plist */,
				AA100015 /* XMT.entitlements */,
			);
			path = Resources;
			sourceTree = "<group>";
		};
		AA400080 /* XMTTests */ = {
			isa = PBXGroup;
			children = (
				AA100021 /* WindowGeometryTests.swift */,
				B100023 /* TriggerArbitratorTests.swift */,
				B100024 /* ConfigTests.swift */,
				B100025 /* DeviceSelectorTests.swift */,
				B100026 /* SessionMachineTests.swift */,
				B100027 /* ReconciliationTests.swift */,
				B100028 /* CommitSequenceTests.swift */,
			);
			path = XMTTests;
			sourceTree = "<group>";
		};
		AA400099 /* Products */ = {
			isa = PBXGroup;
			children = (
				AA100099 /* XMT.app */,
				AA100020 /* XMTTests.xctest */,
			);
			name = Products;
			sourceTree = "<group>";
		};
		AA400100 /* Frameworks */ = {
			isa = PBXGroup;
			children = (
			);
			name = Frameworks;
			sourceTree = "<group>";
		};
		B400001 /* Triggers */ = {
			isa = PBXGroup;
			children = (
				B100001 /* FnEventObserver.swift */,
				B100002 /* TriggerArbitrator.swift */,
				B100003 /* TriggerEvents.swift */,
			);
			path = Triggers;
			sourceTree = "<group>";
		};
		B400002 /* Configuration */ = {
			isa = PBXGroup;
			children = (
				B100004 /* ConfigFile.swift */,
				B100005 /* EffectiveSettings.swift */,
				B100006 /* ConfigReloader.swift */,
				B100007 /* ShortcutDTO.swift */,
			);
			path = Configuration;
			sourceTree = "<group>";
		};
		B400003 /* VoiceTranscription */ = {
			isa = PBXGroup;
			children = (
				B400004 /* Audio */,
				B400005 /* Session */,
				B400006 /* Output */,
				B100020 /* VoiceTranscriptionModule.swift */,
			);
			path = VoiceTranscription;
			sourceTree = "<group>";
		};
		B400004 /* Audio */ = {
			isa = PBXGroup;
			children = (
				B100008 /* DeviceSelector.swift */,
				B100009 /* DeviceTable.swift */,
				B100010 /* BluetoothLinkOracle.swift */,
				B100011 /* AudioCaptureService.swift */,
				B100012 /* BoundedAudioQueue.swift */,
			);
			path = Audio;
			sourceTree = "<group>";
		};
		B400005 /* Session */ = {
			isa = PBXGroup;
			children = (
				B100013 /* VoiceSessionMachine.swift */,
				B100014 /* PendingRecordingStore.swift */,
				B100015 /* Reconciliation.swift */,
				B100016 /* TranscriberSession.swift */,
				B100017 /* AssetStatus.swift */,
			);
			path = Session;
			sourceTree = "<group>";
		};
		B400006 /* Output */ = {
			isa = PBXGroup;
			children = (
				B100018 /* TranscriptCommitter.swift */,
				B100019 /* PasteService.swift */,
			);
			path = Output;
			sourceTree = "<group>";
		};
/* End PBXGroup section */

/* Begin PBXNativeTarget section */
		AA500001 /* XMT */ = {
			isa = PBXNativeTarget;
			buildConfigurationList = AA700001 /* Build configuration list for PBXNativeTarget "XMT" */;
			buildPhases = (
				AA300000 /* Sources */,
				AA300001 /* Frameworks */,
				AA300002 /* Resources */,
			);
			buildRules = (
			);
			dependencies = (
			);
			name = XMT;
			packageProductDependencies = (
				AA200014 /* KeyboardShortcuts */,
			);
			productName = XMT;
			productReference = AA100099 /* XMT.app */;
			productType = "com.apple.product-type.application";
		};
		AA500002 /* XMTTests */ = {
			isa = PBXNativeTarget;
			buildConfigurationList = AA700002 /* Build configuration list for PBXNativeTarget "XMTTests" */;
			buildPhases = (
				AA300004 /* Sources */,
				AA300003 /* Frameworks */,
				AA300005 /* Resources */,
			);
			buildRules = (
			);
			dependencies = (
			);
			name = XMTTests;
			packageProductDependencies = (
				AA200014 /* KeyboardShortcuts */,
			);
			productName = XMTTests;
			productReference = AA100020 /* XMTTests.xctest */;
			productType = "com.apple.product-type.bundle.unit-test";
		};
/* End PBXNativeTarget section */

/* Begin PBXProject section */
		AA600001 /* Project object */ = {
			isa = PBXProject;
			attributes = {
				BuildIndependentTargetsInParallel = 1;
				LastSwiftUpdateCheck = 1530;
				LastUpgradeCheck = 1530;
				TargetAttributes = {
					AA500001 = {
						CreatedOnToolsVersion = 15.3;
					};
					AA500002 = {
						CreatedOnToolsVersion = 15.3;
					};
				};
			};
			buildConfigurationList = AA700000 /* Build configuration list for PBXProject "XMT" */;
			compatibilityVersion = "Xcode 14.0";
			developmentRegion = en;
			hasScannedForEncodings = 0;
			knownRegions = (
				en,
				Base,
			);
			mainGroup = AA400000 /* Main */;
			packageReferences = (
				AA200001 /* XCRemoteSwiftPackageReference "KeyboardShortcuts" */,
			);
			productRefGroup = AA400099 /* Products */;
			projectDirPath = "";
			projectRoot = "";
			targets = (
				AA500001 /* XMT */,
				AA500002 /* XMTTests */,
			);
		};
/* End PBXProject section */

/* Begin PBXResourcesBuildPhase section */
		AA300002 /* Resources */ = {
			isa = PBXResourcesBuildPhase;
			buildActionMask = 2147483647;
			files = (
				AA000013 /* Assets.xcassets in Resources */,
			);
			runOnlyForDeploymentPostprocessing = 0;
		};
		AA300005 /* Resources */ = {
			isa = PBXResourcesBuildPhase;
			buildActionMask = 2147483647;
			files = (
			);
			runOnlyForDeploymentPostprocessing = 0;
		};
/* End PBXResourcesBuildPhase section */

/* Begin PBXSourcesBuildPhase section */
		AA300000 /* Sources */ = {
			isa = PBXSourcesBuildPhase;
			buildActionMask = 2147483647;
			files = (
				AA000001 /* XMTApp.swift in Sources */,
				AA000002 /* AppDelegate.swift in Sources */,
				AA000003 /* HotKeyNames.swift in Sources */,
				AA000004 /* AXWindowInfo.swift in Sources */,
				AA000005 /* ScreenCoordinates.swift in Sources */,
				AA000006 /* WindowMover.swift in Sources */,
				AA000015 /* WindowGeometry.swift in Sources */,
				AA000017 /* WindowActionCoordinator.swift in Sources */,
				AA000008 /* AccessibilityService.swift in Sources */,
				AA000018 /* AccessibilityReminder.swift in Sources */,
				AA000009 /* SettingsView.swift in Sources */,
				AA000010 /* WindowMoverSettingsView.swift in Sources */,
				AA000011 /* GeneralSettingsView.swift in Sources */,
				AA000023 /* SettingsWindowController.swift in Sources */,
				AA000024 /* AccessibilityStatusView.swift in Sources */,
				AA000025 /* WindowMoverModule.swift in Sources */,
				AA000012 /* MenuBarView.swift in Sources */,
				B000001 /* FnEventObserver.swift in Sources */,
				B000002 /* TriggerArbitrator.swift in Sources */,
				B000003 /* TriggerEvents.swift in Sources */,
				B000004 /* ConfigFile.swift in Sources */,
				B000005 /* EffectiveSettings.swift in Sources */,
				B000006 /* ConfigReloader.swift in Sources */,
				B000007 /* ShortcutDTO.swift in Sources */,
				B000008 /* DeviceSelector.swift in Sources */,
				B000009 /* DeviceTable.swift in Sources */,
				B000010 /* BluetoothLinkOracle.swift in Sources */,
				B000011 /* AudioCaptureService.swift in Sources */,
				B000012 /* BoundedAudioQueue.swift in Sources */,
				B000013 /* VoiceSessionMachine.swift in Sources */,
				B000014 /* PendingRecordingStore.swift in Sources */,
				B000015 /* Reconciliation.swift in Sources */,
				B000016 /* TranscriberSession.swift in Sources */,
				B000017 /* AssetStatus.swift in Sources */,
				B000018 /* TranscriptCommitter.swift in Sources */,
				B000019 /* PasteService.swift in Sources */,
				B000020 /* VoiceTranscriptionModule.swift in Sources */,
				B000021 /* VoiceSettingsView.swift in Sources */,
				B000022 /* DevicePriorityListView.swift in Sources */,
			);
			runOnlyForDeploymentPostprocessing = 0;
		};
		AA300004 /* Sources */ = {
			isa = PBXSourcesBuildPhase;
			buildActionMask = 2147483647;
			files = (
				AA000019 /* WindowGeometry.swift in Sources */,
				AA000021 /* WindowGeometryTests.swift in Sources */,
				B000029 /* FnEventObserver.swift in Sources */,
				B000030 /* TriggerArbitrator.swift in Sources */,
				B000031 /* TriggerEvents.swift in Sources */,
				B000032 /* ConfigFile.swift in Sources */,
				B000033 /* EffectiveSettings.swift in Sources */,
				B000034 /* ConfigReloader.swift in Sources */,
				B000035 /* ShortcutDTO.swift in Sources */,
				B000036 /* DeviceSelector.swift in Sources */,
				B000037 /* BoundedAudioQueue.swift in Sources */,
				B000023 /* TriggerArbitratorTests.swift in Sources */,
				B000024 /* ConfigTests.swift in Sources */,
				B000025 /* DeviceSelectorTests.swift in Sources */,
				B000026 /* SessionMachineTests.swift in Sources */,
				B000027 /* ReconciliationTests.swift in Sources */,
				B000028 /* CommitSequenceTests.swift in Sources */,
			);
			runOnlyForDeploymentPostprocessing = 0;
		};
/* End PBXSourcesBuildPhase section */

/* Begin XCBuildConfiguration section */
		AA800001 /* Debug */ = {
			isa = XCBuildConfiguration;
			buildSettings = {
				ALWAYS_SEARCH_USER_PATHS = NO;
				ASSETCATALOG_COMPILER_GENERATE_SWIFT_ASSET_SYMBOL_EXTENSIONS = YES;
				CLANG_ANALYZER_NONNULL = YES;
				CLANG_ANALYZER_NUMBER_OBJECT_CONVERSION = YES_AGGRESSIVE;
				CLANG_CXX_LANGUAGE_STANDARD = "gnu++20";
				CLANG_ENABLE_MODULES = YES;
				CLANG_ENABLE_OBJC_ARC = YES;
				CLANG_ENABLE_OBJC_WEAK = YES;
				CLANG_WARN_BLOCK_CAPTURE_AUTORELEASING = YES;
				CLANG_WARN_BOOL_CONVERSION = YES;
				CLANG_WARN_COMMA = YES;
				CLANG_WARN_CONSTANT_CONVERSION = YES;
				CLANG_WARN_DEPRECATED_OBJC_IMPLEMENTATIONS = YES;
				CLANG_WARN_DIRECT_OBJC_ISA_USAGE = YES_ERROR;
				CLANG_WARN_DOCUMENTATION_COMMENTS = YES;
				CLANG_WARN_EMPTY_BODY = YES;
				CLANG_WARN_ENUM_CONVERSION = YES;
				CLANG_WARN_INFINITE_RECURSION = YES;
				CLANG_WARN_INT_CONVERSION = YES;
				CLANG_WARN_NON_LITERAL_NULL_CONVERSION = YES;
				CLANG_WARN_OBJC_IMPLICIT_RETAIN_CYCLE = YES;
				CLANG_WARN_OBJC_LITERAL_CONVERSION = YES;
				CLANG_WARN_OBJC_ROOT_CLASS = YES_ERROR;
				CLANG_WARN_QUOTED_INCLUDE_IN_FRAMEWORK_HEADER = YES;
				CLANG_WARN_RANGE_LOOP_ANALYSIS = YES;
				CLANG_WARN_STRICT_PROTOTYPES = YES;
				CLANG_WARN_SUSPICIOUS_MOVE = YES;
				CLANG_WARN_UNGUARDED_AVAILABILITY = YES_AGGRESSIVE;
				CLANG_WARN_UNREACHABLE_CODE = YES;
				CLANG_WARN__DUPLICATE_METHOD_MATCH = YES;
				COPY_PHASE_STRIP = NO;
				DEBUG_INFORMATION_FORMAT = dwarf;
				ENABLE_STRICT_OBJC_MSGSEND = YES;
				ENABLE_TESTABILITY = YES;
				ENABLE_USER_SCRIPT_SANDBOXING = YES;
				GCC_C_LANGUAGE_STANDARD = gnu17;
				GCC_DYNAMIC_NO_PIC = NO;
				GCC_NO_COMMON_BLOCKS = YES;
				GCC_OPTIMIZATION_LEVEL = 0;
				GCC_PREPROCESSOR_DEFINITIONS = (
					"DEBUG=1",
					"$(inherited)",
				);
				GCC_WARN_64_TO_32_BIT_CONVERSION = YES;
				GCC_WARN_ABOUT_RETURN_TYPE = YES_ERROR;
				GCC_WARN_UNDECLARED_SELECTOR = YES;
				GCC_WARN_UNINITIALIZED_AUTOS = YES_AGGRESSIVE;
				GCC_WARN_UNUSED_FUNCTION = YES;
				GCC_WARN_UNUSED_VARIABLE = YES;
				LOCALIZATION_PREFERS_STRING_CATALOGS = YES;
				MACOSX_DEPLOYMENT_TARGET = 26.0;
				MTL_ENABLE_DEBUG_INFO = INCLUDE_SOURCE;
				MTL_FAST_MATH = YES;
				ONLY_ACTIVE_ARCH = YES;
				SDKROOT = macosx;
				SWIFT_ACTIVE_COMPILATION_CONDITIONS = "DEBUG $(inherited)";
				SWIFT_OPTIMIZATION_LEVEL = "-Onone";
			};
			name = Debug;
		};
		AA800002 /* Release */ = {
			isa = XCBuildConfiguration;
			buildSettings = {
				ALWAYS_SEARCH_USER_PATHS = NO;
				ASSETCATALOG_COMPILER_GENERATE_SWIFT_ASSET_SYMBOL_EXTENSIONS = YES;
				CLANG_ANALYZER_NONNULL = YES;
				CLANG_ANALYZER_NUMBER_OBJECT_CONVERSION = YES_AGGRESSIVE;
				CLANG_CXX_LANGUAGE_STANDARD = "gnu++20";
				CLANG_ENABLE_MODULES = YES;
				CLANG_ENABLE_OBJC_ARC = YES;
				CLANG_ENABLE_OBJC_WEAK = YES;
				CLANG_WARN_BLOCK_CAPTURE_AUTORELEASING = YES;
				CLANG_WARN_BOOL_CONVERSION = YES;
				CLANG_WARN_COMMA = YES;
				CLANG_WARN_CONSTANT_CONVERSION = YES;
				CLANG_WARN_DEPRECATED_OBJC_IMPLEMENTATIONS = YES;
				CLANG_WARN_DIRECT_OBJC_ISA_USAGE = YES_ERROR;
				CLANG_WARN_DOCUMENTATION_COMMENTS = YES;
				CLANG_WARN_EMPTY_BODY = YES;
				CLANG_WARN_ENUM_CONVERSION = YES;
				CLANG_WARN_INFINITE_RECURSION = YES;
				CLANG_WARN_INT_CONVERSION = YES;
				CLANG_WARN_NON_LITERAL_NULL_CONVERSION = YES;
				CLANG_WARN_OBJC_IMPLICIT_RETAIN_CYCLE = YES;
				CLANG_WARN_OBJC_LITERAL_CONVERSION = YES;
				CLANG_WARN_OBJC_ROOT_CLASS = YES_ERROR;
				CLANG_WARN_QUOTED_INCLUDE_IN_FRAMEWORK_HEADER = YES;
				CLANG_WARN_RANGE_LOOP_ANALYSIS = YES;
				CLANG_WARN_STRICT_PROTOTYPES = YES;
				CLANG_WARN_SUSPICIOUS_MOVE = YES;
				CLANG_WARN_UNGUARDED_AVAILABILITY = YES_AGGRESSIVE;
				CLANG_WARN_UNREACHABLE_CODE = YES;
				CLANG_WARN__DUPLICATE_METHOD_MATCH = YES;
				COPY_PHASE_STRIP = NO;
				DEBUG_INFORMATION_FORMAT = "dwarf-with-dsym";
				ENABLE_NS_ASSERTIONS = NO;
				ENABLE_STRICT_OBJC_MSGSEND = YES;
				ENABLE_USER_SCRIPT_SANDBOXING = YES;
				GCC_C_LANGUAGE_STANDARD = gnu17;
				GCC_NO_COMMON_BLOCKS = YES;
				GCC_WARN_64_TO_32_BIT_CONVERSION = YES;
				GCC_WARN_ABOUT_RETURN_TYPE = YES_ERROR;
				GCC_WARN_UNDECLARED_SELECTOR = YES;
				GCC_WARN_UNINITIALIZED_AUTOS = YES_AGGRESSIVE;
				GCC_WARN_UNUSED_FUNCTION = YES;
				GCC_WARN_UNUSED_VARIABLE = YES;
				LOCALIZATION_PREFERS_STRING_CATALOGS = YES;
				MACOSX_DEPLOYMENT_TARGET = 26.0;
				MTL_FAST_MATH = YES;
				SDKROOT = macosx;
				SWIFT_COMPILATION_MODE = wholemodule;
			};
			name = Release;
		};
		AA800003 /* Debug */ = {
			isa = XCBuildConfiguration;
			buildSettings = {
				ASSETCATALOG_COMPILER_APPICON_NAME = AppIcon;
				ASSETCATALOG_COMPILER_GLOBAL_ACCENT_COLOR_NAME = AccentColor;
				CODE_SIGN_ENTITLEMENTS = XMT/Resources/XMT.entitlements;
				CODE_SIGN_STYLE = Automatic;
				COMBINE_HIDPI_IMAGES = YES;
				CURRENT_PROJECT_VERSION = 1;
				ENABLE_HARDENED_RUNTIME = YES;
				GENERATE_INFOPLIST_FILE = NO;
				INFOPLIST_FILE = XMT/Resources/Info.plist;
				MARKETING_VERSION = 1.0;
				PRODUCT_BUNDLE_IDENTIFIER = com.xavierchanth.xmt;
				PRODUCT_NAME = "$(TARGET_NAME)";
				SWIFT_EMIT_LOC_STRINGS = YES;
				SWIFT_VERSION = 5.0;
			};
			name = Debug;
		};
		AA800004 /* Release */ = {
			isa = XCBuildConfiguration;
			buildSettings = {
				ASSETCATALOG_COMPILER_APPICON_NAME = AppIcon;
				ASSETCATALOG_COMPILER_GLOBAL_ACCENT_COLOR_NAME = AccentColor;
				CODE_SIGN_ENTITLEMENTS = XMT/Resources/XMT.entitlements;
				CODE_SIGN_STYLE = Automatic;
				COMBINE_HIDPI_IMAGES = YES;
				CURRENT_PROJECT_VERSION = 1;
				ENABLE_HARDENED_RUNTIME = YES;
				GENERATE_INFOPLIST_FILE = NO;
				INFOPLIST_FILE = XMT/Resources/Info.plist;
				MARKETING_VERSION = 1.0;
				PRODUCT_BUNDLE_IDENTIFIER = com.xavierchanth.xmt;
				PRODUCT_NAME = "$(TARGET_NAME)";
				SWIFT_EMIT_LOC_STRINGS = YES;
				SWIFT_VERSION = 5.0;
			};
			name = Release;
		};
		AA800005 /* Debug */ = {
			isa = XCBuildConfiguration;
			buildSettings = {
				BUNDLE_LOADER = "";
				CODE_SIGN_STYLE = Automatic;
				CURRENT_PROJECT_VERSION = 1;
				GENERATE_INFOPLIST_FILE = YES;
				MARKETING_VERSION = 1.0;
				PRODUCT_BUNDLE_IDENTIFIER = com.xavierchanth.xmtTests;
				PRODUCT_NAME = "$(TARGET_NAME)";
				SDKROOT = macosx;
				SWIFT_VERSION = 5.0;
				TEST_HOST = "";
			};
			name = Debug;
		};
		AA800006 /* Release */ = {
			isa = XCBuildConfiguration;
			buildSettings = {
				BUNDLE_LOADER = "";
				CODE_SIGN_STYLE = Automatic;
				CURRENT_PROJECT_VERSION = 1;
				GENERATE_INFOPLIST_FILE = YES;
				MARKETING_VERSION = 1.0;
				PRODUCT_BUNDLE_IDENTIFIER = com.xavierchanth.xmtTests;
				PRODUCT_NAME = "$(TARGET_NAME)";
				SDKROOT = macosx;
				SWIFT_VERSION = 5.0;
				TEST_HOST = "";
			};
			name = Release;
		};
/* End XCBuildConfiguration section */

/* Begin XCConfigurationList section */
		AA700000 /* Build configuration list for PBXProject "XMT" */ = {
			isa = XCConfigurationList;
			buildConfigurations = (
				AA800001 /* Debug */,
				AA800002 /* Release */,
			);
			defaultConfigurationIsVisible = 0;
			defaultConfigurationName = Release;
		};
		AA700001 /* Build configuration list for PBXNativeTarget "XMT" */ = {
			isa = XCConfigurationList;
			buildConfigurations = (
				AA800003 /* Debug */,
				AA800004 /* Release */,
			);
			defaultConfigurationIsVisible = 0;
			defaultConfigurationName = Release;
		};
		AA700002 /* Build configuration list for PBXNativeTarget "XMTTests" */ = {
			isa = XCConfigurationList;
			buildConfigurations = (
				AA800005 /* Debug */,
				AA800006 /* Release */,
			);
			defaultConfigurationIsVisible = 0;
			defaultConfigurationName = Release;
		};
/* End XCConfigurationList section */

/* Begin XCRemoteSwiftPackageReference section */
		AA200001 /* XCRemoteSwiftPackageReference "KeyboardShortcuts" */ = {
			isa = XCRemoteSwiftPackageReference;
			repositoryURL = "https://github.com/sindresorhus/KeyboardShortcuts";
			requirement = {
				kind = upToNextMajorVersion;
				minimumVersion = 2.0.0;
			};
		};
/* End XCRemoteSwiftPackageReference section */

/* Begin XCSwiftPackageProductDependency section */
		AA200014 /* KeyboardShortcuts */ = {
			isa = XCSwiftPackageProductDependency;
			package = AA200001 /* XCRemoteSwiftPackageReference "KeyboardShortcuts" */;
			productName = KeyboardShortcuts;
		};
/* End XCSwiftPackageProductDependency section */

	};
	rootObject = AA600001 /* Project object */;
}
